RESTRICTION: == net9.0
NUGET
  remote: https://api.nuget.org/v3/index.json
    CassandraCSharpDriver (3.22)
      K4os.Compression.LZ4 (>= 1.1.11)
      Microsoft.Extensions.Logging (>= 1.0)
      Microsoft.Extensions.Logging.Abstractions (>= 1.0)
      Newtonsoft.Json (>= 9.0.1)
      System.Management (>= 4.7)
      System.Runtime.InteropServices.RuntimeInformation (>= 4.0)
      System.Threading.Tasks.Dataflow (>= 4.6)
    K4os.Compression.LZ4 (1.3.8)
    Microsoft.ApplicationInsights (2.23)
      System.Diagnostics.DiagnosticSource (>= 5.0)
    Microsoft.CodeCoverage (18.0)
    Microsoft.Extensions.Configuration (9.0.10)
      Microsoft.Extensions.Configuration.Abstractions (>= 9.0.10)
      Microsoft.Extensions.Primitives (>= 9.0.10)
    Microsoft.Extensions.Configuration.Abstractions (9.0.10)
      Microsoft.Extensions.Primitives (>= 9.0.10)
    Microsoft.Extensions.Configuration.Binder (9.0.10)
      Microsoft.Extensions.Configuration.Abstractions (>= 9.0.10)
    Microsoft.Extensions.Configuration.EnvironmentVariables (9.0.10)
      Microsoft.Extensions.Configuration (>= 9.0.10)
      Microsoft.Extensions.Configuration.Abstractions (>= 9.0.10)
    Microsoft.Extensions.Configuration.FileExtensions (9.0.10)
      Microsoft.Extensions.Configuration (>= 9.0.10)
      Microsoft.Extensions.Configuration.Abstractions (>= 9.0.10)
      Microsoft.Extensions.FileProviders.Abstractions (>= 9.0.10)
      Microsoft.Extensions.FileProviders.Physical (>= 9.0.10)
      Microsoft.Extensions.Primitives (>= 9.0.10)
    Microsoft.Extensions.Configuration.Json (9.0.10)
      Microsoft.Extensions.Configuration (>= 9.0.10)
      Microsoft.Extensions.Configuration.Abstractions (>= 9.0.10)
      Microsoft.Extensions.Configuration.FileExtensions (>= 9.0.10)
      Microsoft.Extensions.FileProviders.Abstractions (>= 9.0.10)
    Microsoft.Extensions.DependencyInjection (9.0.10)
      Microsoft.Extensions.DependencyInjection.Abstractions (>= 9.0.10)
    Microsoft.Extensions.DependencyInjection.Abstractions (9.0.10)
    Microsoft.Extensions.Diagnostics (9.0.10)
      Microsoft.Extensions.Configuration (>= 9.0.10)
      Microsoft.Extensions.Diagnostics.Abstractions (>= 9.0.10)
      Microsoft.Extensions.Options.ConfigurationExtensions (>= 9.0.10)
    Microsoft.Extensions.Diagnostics.Abstractions (9.0.10)
      Microsoft.Extensions.DependencyInjection.Abstractions (>= 9.0.10)
      Microsoft.Extensions.Options (>= 9.0.10)
    Microsoft.Extensions.FileProviders.Abstractions (9.0.10)
      Microsoft.Extensions.Primitives (>= 9.0.10)
    Microsoft.Extensions.FileProviders.Physical (9.0.10)
      Microsoft.Extensions.FileProviders.Abstractions (>= 9.0.10)
      Microsoft.Extensions.FileSystemGlobbing (>= 9.0.10)
      Microsoft.Extensions.Primitives (>= 9.0.10)
    Microsoft.Extensions.FileSystemGlobbing (9.0.10)
    Microsoft.Extensions.Http (9.0.10)
      Microsoft.Extensions.Configuration.Abstractions (>= 9.0.10)
      Microsoft.Extensions.DependencyInjection.Abstractions (>= 9.0.10)
      Microsoft.Extensions.Diagnostics (>= 9.0.10)
      Microsoft.Extensions.Logging (>= 9.0.10)
      Microsoft.Extensions.Logging.Abstractions (>= 9.0.10)
      Microsoft.Extensions.Options (>= 9.0.10)
    Microsoft.Extensions.Logging (9.0.10)
      Microsoft.Extensions.DependencyInjection (>= 9.0.10)
      Microsoft.Extensions.Logging.Abstractions (>= 9.0.10)
      Microsoft.Extensions.Options (>= 9.0.10)
    Microsoft.Extensions.Logging.Abstractions (9.0.10)
      Microsoft.Extensions.DependencyInjection.Abstractions (>= 9.0.10)
    Microsoft.Extensions.Logging.Configuration (9.0.10)
      Microsoft.Extensions.Configuration (>= 9.0.10)
      Microsoft.Extensions.Configuration.Abstractions (>= 9.0.10)
      Microsoft.Extensions.Configuration.Binder (>= 9.0.10)
      Microsoft.Extensions.DependencyInjection.Abstractions (>= 9.0.10)
      Microsoft.Extensions.Logging (>= 9.0.10)
      Microsoft.Extensions.Logging.Abstractions (>= 9.0.10)
      Microsoft.Extensions.Options (>= 9.0.10)
      Microsoft.Extensions.Options.ConfigurationExtensions (>= 9.0.10)
    Microsoft.Extensions.Logging.Console (9.0.10)
      Microsoft.Extensions.DependencyInjection.Abstractions (>= 9.0.10)
      Microsoft.Extensions.Logging (>= 9.0.10)
      Microsoft.Extensions.Logging.Abstractions (>= 9.0.10)
      Microsoft.Extensions.Logging.Configuration (>= 9.0.10)
      Microsoft.Extensions.Options (>= 9.0.10)
    Microsoft.Extensions.Options (9.0.10)
      Microsoft.Extensions.DependencyInjection.Abstractions (>= 9.0.10)
      Microsoft.Extensions.Primitives (>= 9.0.10)
    Microsoft.Extensions.Options.ConfigurationExtensions (9.0.10)
      Microsoft.Extensions.Configuration.Abstractions (>= 9.0.10)
      Microsoft.Extensions.Configuration.Binder (>= 9.0.10)
      Microsoft.Extensions.DependencyInjection.Abstractions (>= 9.0.10)
      Microsoft.Extensions.Options (>= 9.0.10)
      Microsoft.Extensions.Primitives (>= 9.0.10)
    Microsoft.Extensions.Primitives (9.0.10)
    Microsoft.NET.Test.Sdk (18.0)
      Microsoft.CodeCoverage (>= 18.0)
      Microsoft.TestPlatform.TestHost (>= 18.0)
    Microsoft.NETCore.Platforms (7.0.4)
    Microsoft.NETCore.Targets (5.0)
    Microsoft.Testing.Extensions.Telemetry (2.0.1)
      Microsoft.ApplicationInsights (>= 2.23)
      Microsoft.Testing.Platform (>= 2.0.1)
    Microsoft.Testing.Extensions.TrxReport.Abstractions (2.0.1)
      Microsoft.Testing.Platform (>= 2.0.1)
    Microsoft.Testing.Extensions.VSTestBridge (2.0.1)
      Microsoft.Testing.Extensions.Telemetry (>= 2.0.1)
      Microsoft.Testing.Extensions.TrxReport.Abstractions (>= 2.0.1)
      Microsoft.Testing.Platform (>= 2.0.1)
      Microsoft.TestPlatform.AdapterUtilities (>= 18.0)
      Microsoft.TestPlatform.ObjectModel (>= 18.0)
    Microsoft.Testing.Platform (2.0.1)
    Microsoft.Testing.Platform.MSBuild (2.0.1)
      Microsoft.Testing.Platform (>= 2.0.1)
    Microsoft.TestPlatform.AdapterUtilities (18.0)
    Microsoft.TestPlatform.ObjectModel (18.0)
      System.Reflection.Metadata (>= 8.0)
    Microsoft.TestPlatform.TestHost (18.0)
      Microsoft.TestPlatform.ObjectModel (>= 18.0)
      Newtonsoft.Json (>= 13.0.3)
    Newtonsoft.Json (13.0.4)
    NUnit (4.4)
    NUnit3TestAdapter (5.2)
      Microsoft.Testing.Extensions.VSTestBridge (>= 1.9)
      Microsoft.Testing.Platform.MSBuild (>= 1.9)
    runtime.native.System (4.3.1)
      Microsoft.NETCore.Platforms (>= 1.1.1)
      Microsoft.NETCore.Targets (>= 1.1.3)
    System.CodeDom (9.0.10)
    System.Diagnostics.DiagnosticSource (9.0.10)
    System.Globalization (4.3)
      Microsoft.NETCore.Platforms (>= 1.1)
      Microsoft.NETCore.Targets (>= 1.1)
      System.Runtime (>= 4.3)
    System.IO (4.3)
      Microsoft.NETCore.Platforms (>= 1.1)
      Microsoft.NETCore.Targets (>= 1.1)
      System.Runtime (>= 4.3)
      System.Text.Encoding (>= 4.3)
      System.Threading.Tasks (>= 4.3)
    System.Management (9.0.10)
      System.CodeDom (>= 9.0.10)
    System.Reflection (4.3)
      Microsoft.NETCore.Platforms (>= 1.1)
      Microsoft.NETCore.Targets (>= 1.1)
      System.IO (>= 4.3)
      System.Reflection.Primitives (>= 4.3)
      System.Runtime (>= 4.3)
    System.Reflection.Extensions (4.3)
      Microsoft.NETCore.Platforms (>= 1.1)
      Microsoft.NETCore.Targets (>= 1.1)
      System.Reflection (>= 4.3)
      System.Runtime (>= 4.3)
    System.Reflection.Metadata (9.0.10)
    System.Reflection.Primitives (4.3)
      Microsoft.NETCore.Platforms (>= 1.1)
      Microsoft.NETCore.Targets (>= 1.1)
      System.Runtime (>= 4.3)
    System.Resources.ResourceManager (4.3)
      Microsoft.NETCore.Platforms (>= 1.1)
      Microsoft.NETCore.Targets (>= 1.1)
      System.Globalization (>= 4.3)
      System.Reflection (>= 4.3)
      System.Runtime (>= 4.3)
    System.Runtime (4.3.1)
      Microsoft.NETCore.Platforms (>= 1.1.1)
      Microsoft.NETCore.Targets (>= 1.1.3)
    System.Runtime.Handles (4.3)
      Microsoft.NETCore.Platforms (>= 1.1)
      Microsoft.NETCore.Targets (>= 1.1)
      System.Runtime (>= 4.3)
    System.Runtime.InteropServices (4.3)
      Microsoft.NETCore.Platforms (>= 1.1)
      Microsoft.NETCore.Targets (>= 1.1)
      System.Reflection (>= 4.3)
      System.Reflection.Primitives (>= 4.3)
      System.Runtime (>= 4.3)
      System.Runtime.Handles (>= 4.3)
    System.Runtime.InteropServices.RuntimeInformation (4.3)
      runtime.native.System (>= 4.3)
      System.Reflection (>= 4.3)
      System.Reflection.Extensions (>= 4.3)
      System.Resources.ResourceManager (>= 4.3)
      System.Runtime (>= 4.3)
      System.Runtime.InteropServices (>= 4.3)
      System.Threading (>= 4.3)
    System.Text.Encoding (4.3)
      Microsoft.NETCore.Platforms (>= 1.1)
      Microsoft.NETCore.Targets (>= 1.1)
      System.Runtime (>= 4.3)
    System.Threading (4.3)
      System.Runtime (>= 4.3)
      System.Threading.Tasks (>= 4.3)
    System.Threading.Tasks (4.3)
      Microsoft.NETCore.Platforms (>= 1.1)
      Microsoft.NETCore.Targets (>= 1.1)
      System.Runtime (>= 4.3)
    System.Threading.Tasks.Dataflow (9.0.10)
